
Microsoft Visual Studio Solution File, Format Version 12.00
# Visual Studio Version 17
VisualStudioVersion = 17.4.33122.133
MinimumVisualStudioVersion = 10.0.40219.1
Project("{FAE04EC0-301F-11D3-BF4B-00C04F79EFBC}") = "Banking.UnitTests", "Banking.UnitTests\Banking.UnitTests.csproj", "{DD9361F8-8204-4462-A401-6231558A6E60}"
EndProject
Project("{FAE04EC0-301F-11D3-BF4B-00C04F79EFBC}") = "Banking.Domain", "Banking.Domain\Banking.Domain.csproj", "{0EF0548C-3424-4160-AA9B-8AB85A8BB995}"
EndProject
Global
	GlobalSection(SolutionConfigurationPlatforms) = preSolution
		Debug|Any CPU = Debug|Any CPU
		Release|Any CPU = Release|Any CPU
	EndGlobalSection
	GlobalSection(ProjectConfigurationPlatforms) = postSolution
		{DD9361F8-8204-4462-A401-6231558A6E60}.Debug|Any CPU.ActiveCfg = Debug|Any CPU
		{DD9361F8-8204-4462-A401-6231558A6E60}.Debug|Any CPU.Build.0 = Debug|Any CPU
		{DD9361F8-8204-4462-A401-6231558A6E60}.Release|Any CPU.ActiveCfg = Release|Any CPU
		{DD9361F8-8204-4462-A401-6231558A6E60}.Release|Any CPU.Build.0 = Release|Any CPU
		{0EF0548C-3424-4160-AA9B-8AB85A8BB995}.Debug|Any CPU.ActiveCfg = Debug|Any CPU
		{0EF0548C-3424-4160-AA9B-8AB85A8BB995}.Debug|Any CPU.Build.0 = Debug|Any CPU
		{0EF0548C-3424-4160-AA9B-8AB85A8BB995}.Release|Any CPU.ActiveCfg = Release|Any CPU
		{0EF0548C-3424-4160-AA9B-8AB85A8BB995}.Release|Any CPU.Build.0 = Release|Any CPU
	EndGlobalSection
	GlobalSection(SolutionProperties) = preSolution
		HideSolutionNode = FALSE
	EndGlobalSection
	GlobalSection(ExtensibilityGlobals) = postSolution
		SolutionGuid = {C9B3E04E-34C3-403B-889A-B17FC105A110}
	EndGlobalSection
EndGlobal
